
Microsoft Visual Studio Solution File, Format Version 12.00
Project("{FAE04EC0-301F-11D3-BF4B-00C04F79EFBC}") = "Portfolio.Api", "Portfolio.Api\Portfolio.Api.csproj", "{E39C0CD3-15A1-43C4-ADD0-A5C5803668AD}"
EndProject
Global
	GlobalSection(SolutionConfigurationPlatforms) = preSolution
		Debug|Any CPU = Debug|Any CPU
		Release|Any CPU = Release|Any CPU
	EndGlobalSection
	GlobalSection(ProjectConfigurationPlatforms) = postSolution
		{E39C0CD3-15A1-43C4-ADD0-A5C5803668AD}.Debug|Any CPU.ActiveCfg = Debug|Any CPU
		{E39C0CD3-15A1-43C4-ADD0-A5C5803668AD}.Debug|Any CPU.Build.0 = Debug|Any CPU
		{E39C0CD3-15A1-43C4-ADD0-A5C5803668AD}.Release|Any CPU.ActiveCfg = Release|Any CPU
		{E39C0CD3-15A1-43C4-ADD0-A5C5803668AD}.Release|Any CPU.Build.0 = Release|Any CPU
	EndGlobalSection
EndGlobal
